
Microsoft Visual Studio Solution File, Format Version 12.00
# Visual Studio Version 17
VisualStudioVersion = 17.6.33815.320
MinimumVisualStudioVersion = 10.0.40219.1
Project("{FAE04EC0-301F-11D3-BF4B-00C04F79EFBC}") = "TinyCalculator", "TinyCalculator\TinyCalculator.csproj", "{460EE3B7-6853-4EBB-9D43-6F48198F5C20}"
EndProject
Global
	GlobalSection(SolutionConfigurationPlatforms) = preSolution
		Debug|Any CPU = Debug|Any CPU
		Release|Any CPU = Release|Any CPU
	EndGlobalSection
	GlobalSection(ProjectConfigurationPlatforms) = postSolution
		{460EE3B7-6853-4EBB-9D43-6F48198F5C20}.Debug|Any CPU.ActiveCfg = Debug|Any CPU
		{460EE3B7-6853-4EBB-9D43-6F48198F5C20}.Debug|Any CPU.Build.0 = Debug|Any CPU
		{460EE3B7-6853-4EBB-9D43-6F48198F5C20}.Release|Any CPU.ActiveCfg = Release|Any CPU
		{460EE3B7-6853-4EBB-9D43-6F48198F5C20}.Release|Any CPU.Build.0 = Release|Any CPU
	EndGlobalSection
	GlobalSection(SolutionProperties) = preSolution
		HideSolutionNode = FALSE
	EndGlobalSection
	GlobalSection(ExtensibilityGlobals) = postSolution
		SolutionGuid = {C1EA5E14-3350-46D1-9E4A-E9AA5FB83999}
	EndGlobalSection
EndGlobal
